
Microsoft Visual Studio Solution File, Format Version 12.00
# Visual Studio Version 17
VisualStudioVersion = 17.5.002.0
MinimumVisualStudioVersion = 10.0.40219.1
Project("{9A19103F-16F7-4668-BE54-9A1E7A4F7556}") = "LhPet", "LhPet.csproj", "{20B7C609-1B10-4241-AE02-03C3C7FA85BC}"
EndProject
Global
	GlobalSection(SolutionConfigurationPlatforms) = preSolution
		Debug|Any CPU = Debug|Any CPU
		Release|Any CPU = Release|Any CPU
	EndGlobalSection
	GlobalSection(ProjectConfigurationPlatforms) = postSolution
		{20B7C609-1B10-4241-AE02-03C3C7FA85BC}.Debug|Any CPU.ActiveCfg = Debug|Any CPU
		{20B7C609-1B10-4241-AE02-03C3C7FA85BC}.Debug|Any CPU.Build.0 = Debug|Any CPU
		{20B7C609-1B10-4241-AE02-03C3C7FA85BC}.Release|Any CPU.ActiveCfg = Release|Any CPU
		{20B7C609-1B10-4241-AE02-03C3C7FA85BC}.Release|Any CPU.Build.0 = Release|Any CPU
	EndGlobalSection
	GlobalSection(SolutionProperties) = preSolution
		HideSolutionNode = FALSE
	EndGlobalSection
	GlobalSection(ExtensibilityGlobals) = postSolution
		SolutionGuid = {9280B972-B8E5-4E24-9ECC-BB536776ADAD}
	EndGlobalSection
EndGlobal
